// !$*UTF8*$!
{
	archiveVersion = 1;
	classes = {
	};
	objectVersion = 46;
	objects = {

/* Begin PBXBuildFile section */
		2250E8A11C17E0DB006FA174 /* main.swift in Sources */ = {isa = PBXBuildFile; fileRef = 2250E8A01C17E0DB006FA174 /* main.swift */; };
		22B0AB181C18FEB800927057 /* ReadHDF5andLinRegress.swift in Sources */ = {isa = PBXBuildFile; fileRef = 22B0AB171C18FEB800927057 /* ReadHDF5andLinRegress.swift */; };
		22D4CD691C17E3FE00DB3A16 /* CSV.swift in Sources */ = {isa = PBXBuildFile; fileRef = 22D4CD681C17E3FE00DB3A16 /* CSV.swift */; };
		22D4CD6D1C17E47F00DB3A16 /* Upsurge.a in Frameworks */ = {isa = PBXBuildFile; fileRef = 22D4CD6A1C17E47F00DB3A16 /* Upsurge.a */; };
		22D4CD711C17E4CF00DB3A16 /* HDF5Kit.a in Frameworks */ = {isa = PBXBuildFile; fileRef = 22D4CD6E1C17E4CF00DB3A16 /* HDF5Kit.a */; };
		22D4CD741C17E54700DB3A16 /* ReadCSV.swift in Sources */ = {isa = PBXBuildFile; fileRef = 22D4CD731C17E54700DB3A16 /* ReadCSV.swift */; };
/* End PBXBuildFile section */

/* Begin PBXCopyFilesBuildPhase section */
		2250E89B1C17E0DB006FA174 /* CopyFiles */ = {
			isa = PBXCopyFilesBuildPhase;
			buildActionMask = 2147483647;
			dstPath = /usr/share/man/man1/;
			dstSubfolderSpec = 0;
			files = (
			);
			runOnlyForDeploymentPostprocessing = 1;
		};
/* End PBXCopyFilesBuildPhase section */

/* Begin PBXFileReference section */
		2250E89D1C17E0DB006FA174 /* ScienceKit */ = {isa = PBXFileReference; explicitFileType = "compiled.mach-o.executable"; includeInIndex = 0; path = ScienceKit; sourceTree = BUILT_PRODUCTS_DIR; };
		2250E8A01C17E0DB006FA174 /* main.swift */ = {isa = PBXFileReference; lastKnownFileType = sourcecode.swift; path = main.swift; sourceTree = "<group>"; };
		22B0AB151C18DF0700927057 /* SST_blended5km_00.025S_130.025W_2014-11-01_2015-11-01.txt */ = {isa = PBXFileReference; fileEncoding = 4; lastKnownFileType = text; path = "SST_blended5km_00.025S_130.025W_2014-11-01_2015-11-01.txt"; sourceTree = "<group>"; };
		22B0AB161C18FE6500927057 /* SST_blended5km_00.025S_130.025W_2014-11-01_2015-11-01.h5 */ = {isa = PBXFileReference; lastKnownFileType = file; path = "SST_blended5km_00.025S_130.025W_2014-11-01_2015-11-01.h5"; sourceTree = "<group>"; };
		22B0AB171C18FEB800927057 /* ReadHDF5andLinRegress.swift */ = {isa = PBXFileReference; fileEncoding = 4; lastKnownFileType = sourcecode.swift; path = ReadHDF5andLinRegress.swift; sourceTree = "<group>"; };
		22D4CD681C17E3FE00DB3A16 /* CSV.swift */ = {isa = PBXFileReference; fileEncoding = 4; lastKnownFileType = sourcecode.swift; path = CSV.swift; sourceTree = "<group>"; };
		22D4CD6A1C17E47F00DB3A16 /* Upsurge.a */ = {isa = PBXFileReference; lastKnownFileType = archive.ar; path = Upsurge.a; sourceTree = "<group>"; };
		22D4CD6B1C17E47F00DB3A16 /* Upsurge.swiftdoc */ = {isa = PBXFileReference; lastKnownFileType = file; path = Upsurge.swiftdoc; sourceTree = "<group>"; };
		22D4CD6C1C17E47F00DB3A16 /* Upsurge.swiftmodule */ = {isa = PBXFileReference; lastKnownFileType = file; path = Upsurge.swiftmodule; sourceTree = "<group>"; };
		22D4CD6E1C17E4CF00DB3A16 /* HDF5Kit.a */ = {isa = PBXFileReference; lastKnownFileType = archive.ar; path = HDF5Kit.a; sourceTree = "<group>"; };
		22D4CD6F1C17E4CF00DB3A16 /* HDF5Kit.swiftdoc */ = {isa = PBXFileReference; lastKnownFileType = file; path = HDF5Kit.swiftdoc; sourceTree = "<group>"; };
		22D4CD701C17E4CF00DB3A16 /* HDF5Kit.swiftmodule */ = {isa = PBXFileReference; lastKnownFileType = file; path = HDF5Kit.swiftmodule; sourceTree = "<group>"; };
		22D4CD721C17E4F500DB3A16 /* module.modulemap */ = {isa = PBXFileReference; fileEncoding = 4; lastKnownFileType = "sourcecode.module-map"; path = module.modulemap; sourceTree = "<group>"; };
		22D4CD731C17E54700DB3A16 /* ReadCSV.swift */ = {isa = PBXFileReference; fileEncoding = 4; lastKnownFileType = sourcecode.swift; name = ReadCSV.swift; path = Source/ReadCSV.swift; sourceTree = SOURCE_ROOT; };
/* End PBXFileReference section */

/* Begin PBXFrameworksBuildPhase section */
		2250E89A1C17E0DB006FA174 /* Frameworks */ = {
			isa = PBXFrameworksBuildPhase;
			buildActionMask = 2147483647;
			files = (
				22D4CD6D1C17E47F00DB3A16 /* Upsurge.a in Frameworks */,
				22D4CD711C17E4CF00DB3A16 /* HDF5Kit.a in Frameworks */,
			);
			runOnlyForDeploymentPostprocessing = 0;
		};
/* End PBXFrameworksBuildPhase section */

/* Begin PBXGroup section */
		2250E8941C17E0DB006FA174 = {
			isa = PBXGroup;
			children = (
				22B0AB141C18DEE100927057 /* Data */,
				22D4CD671C17E3CD00DB3A16 /* Libs */,
				2250E89F1C17E0DB006FA174 /* Source */,
				2250E89E1C17E0DB006FA174 /* Products */,
			);
			sourceTree = "<group>";
		};
		2250E89E1C17E0DB006FA174 /* Products */ = {
			isa = PBXGroup;
			children = (
				2250E89D1C17E0DB006FA174 /* ScienceKit */,
			);
			name = Products;
			sourceTree = "<group>";
		};
		2250E89F1C17E0DB006FA174 /* Source */ = {
			isa = PBXGroup;
			children = (
				22D4CD731C17E54700DB3A16 /* ReadCSV.swift */,
				22B0AB171C18FEB800927057 /* ReadHDF5andLinRegress.swift */,
				2250E8A01C17E0DB006FA174 /* main.swift */,
			);
			path = Source;
			sourceTree = "<group>";
		};
		22B0AB141C18DEE100927057 /* Data */ = {
			isa = PBXGroup;
			children = (
				22B0AB151C18DF0700927057 /* SST_blended5km_00.025S_130.025W_2014-11-01_2015-11-01.txt */,
				22B0AB161C18FE6500927057 /* SST_blended5km_00.025S_130.025W_2014-11-01_2015-11-01.h5 */,
			);
			path = Data;
			sourceTree = "<group>";
		};
		22D4CD671C17E3CD00DB3A16 /* Libs */ = {
			isa = PBXGroup;
			children = (
				22D4CD721C17E4F500DB3A16 /* module.modulemap */,
				22D4CD6E1C17E4CF00DB3A16 /* HDF5Kit.a */,
				22D4CD6F1C17E4CF00DB3A16 /* HDF5Kit.swiftdoc */,
				22D4CD701C17E4CF00DB3A16 /* HDF5Kit.swiftmodule */,
				22D4CD6A1C17E47F00DB3A16 /* Upsurge.a */,
				22D4CD6B1C17E47F00DB3A16 /* Upsurge.swiftdoc */,
				22D4CD6C1C17E47F00DB3A16 /* Upsurge.swiftmodule */,
				22D4CD681C17E3FE00DB3A16 /* CSV.swift */,
			);
			path = Libs;
			sourceTree = "<group>";
		};
/* End PBXGroup section */

/* Begin PBXNativeTarget section */
		2250E89C1C17E0DB006FA174 /* ScienceKit */ = {
			isa = PBXNativeTarget;
			buildConfigurationList = 2250E8A41C17E0DB006FA174 /* Build configuration list for PBXNativeTarget "ScienceKit" */;
			buildPhases = (
				2250E8991C17E0DB006FA174 /* Sources */,
				2250E89A1C17E0DB006FA174 /* Frameworks */,
				2250E89B1C17E0DB006FA174 /* CopyFiles */,
			);
			buildRules = (
			);
			dependencies = (
			);
			name = ScienceKit;
			productName = ScienceKit;
			productReference = 2250E89D1C17E0DB006FA174 /* ScienceKit */;
			productType = "com.apple.product-type.tool";
		};
/* End PBXNativeTarget section */

/* Begin PBXProject section */
		2250E8951C17E0DB006FA174 /* Project object */ = {
			isa = PBXProject;
			attributes = {
				LastSwiftUpdateCheck = 0720;
				LastUpgradeCheck = 0720;
				ORGANIZATIONNAME = "by a mad Scientist";
				TargetAttributes = {
					2250E89C1C17E0DB006FA174 = {
						CreatedOnToolsVersion = 7.2;
					};
				};
			};
			buildConfigurationList = 2250E8981C17E0DB006FA174 /* Build configuration list for PBXProject "ScienceKit" */;
			compatibilityVersion = "Xcode 3.2";
			developmentRegion = English;
			hasScannedForEncodings = 0;
			knownRegions = (
				en,
			);
			mainGroup = 2250E8941C17E0DB006FA174;
			productRefGroup = 2250E89E1C17E0DB006FA174 /* Products */;
			projectDirPath = "";
			projectRoot = "";
			targets = (
				2250E89C1C17E0DB006FA174 /* ScienceKit */,
			);
		};
/* End PBXProject section */

/* Begin PBXSourcesBuildPhase section */
		2250E8991C17E0DB006FA174 /* Sources */ = {
			isa = PBXSourcesBuildPhase;
			buildActionMask = 2147483647;
			files = (
				22B0AB181C18FEB800927057 /* ReadHDF5andLinRegress.swift in Sources */,
				22D4CD741C17E54700DB3A16 /* ReadCSV.swift in Sources */,
				22D4CD691C17E3FE00DB3A16 /* CSV.swift in Sources */,
				2250E8A11C17E0DB006FA174 /* main.swift in Sources */,
			);
			runOnlyForDeploymentPostprocessing = 0;
		};
/* End PBXSourcesBuildPhase section */

/* Begin XCBuildConfiguration section */
		2250E8A21C17E0DB006FA174 /* Debug */ = {
			isa = XCBuildConfiguration;
			buildSettings = {
				ALWAYS_SEARCH_USER_PATHS = NO;
				CLANG_CXX_LANGUAGE_STANDARD = "gnu++0x";
				CLANG_CXX_LIBRARY = "libc++";
				CLANG_ENABLE_MODULES = YES;
				CLANG_ENABLE_OBJC_ARC = YES;
				CLANG_WARN_BOOL_CONVERSION = YES;
				CLANG_WARN_CONSTANT_CONVERSION = YES;
				CLANG_WARN_DIRECT_OBJC_ISA_USAGE = YES_ERROR;
				CLANG_WARN_EMPTY_BODY = YES;
				CLANG_WARN_ENUM_CONVERSION = YES;
				CLANG_WARN_INT_CONVERSION = YES;
				CLANG_WARN_OBJC_ROOT_CLASS = YES_ERROR;
				CLANG_WARN_UNREACHABLE_CODE = YES;
				CLANG_WARN__DUPLICATE_METHOD_MATCH = YES;
				CODE_SIGN_IDENTITY = "-";
				COPY_PHASE_STRIP = NO;
				DEBUG_INFORMATION_FORMAT = dwarf;
				ENABLE_STRICT_OBJC_MSGSEND = YES;
				ENABLE_TESTABILITY = YES;
				GCC_C_LANGUAGE_STANDARD = gnu99;
				GCC_DYNAMIC_NO_PIC = NO;
				GCC_NO_COMMON_BLOCKS = YES;
				GCC_OPTIMIZATION_LEVEL = 0;
				GCC_PREPROCESSOR_DEFINITIONS = (
					"DEBUG=1",
					"$(inherited)",
				);
				GCC_WARN_64_TO_32_BIT_CONVERSION = YES;
				GCC_WARN_ABOUT_RETURN_TYPE = YES_ERROR;
				GCC_WARN_UNDECLARED_SELECTOR = YES;
				GCC_WARN_UNINITIALIZED_AUTOS = YES_AGGRESSIVE;
				GCC_WARN_UNUSED_FUNCTION = YES;
				GCC_WARN_UNUSED_VARIABLE = YES;
				MACOSX_DEPLOYMENT_TARGET = 10.11;
				MTL_ENABLE_DEBUG_INFO = YES;
				ONLY_ACTIVE_ARCH = YES;
				SDKROOT = macosx;
				SWIFT_INCLUDE_PATHS = "$(SOURCE_ROOT)/Libs";
				SWIFT_OPTIMIZATION_LEVEL = "-Onone";
			};
			name = Debug;
		};
		2250E8A31C17E0DB006FA174 /* Release */ = {
			isa = XCBuildConfiguration;
			buildSettings = {
				ALWAYS_SEARCH_USER_PATHS = NO;
				CLANG_CXX_LANGUAGE_STANDARD = "gnu++0x";
				CLANG_CXX_LIBRARY = "libc++";
				CLANG_ENABLE_MODULES = YES;
				CLANG_ENABLE_OBJC_ARC = YES;
				CLANG_WARN_BOOL_CONVERSION = YES;
				CLANG_WARN_CONSTANT_CONVERSION = YES;
				CLANG_WARN_DIRECT_OBJC_ISA_USAGE = YES_ERROR;
				CLANG_WARN_EMPTY_BODY = YES;
				CLANG_WARN_ENUM_CONVERSION = YES;
				CLANG_WARN_INT_CONVERSION = YES;
				CLANG_WARN_OBJC_ROOT_CLASS = YES_ERROR;
				CLANG_WARN_UNREACHABLE_CODE = YES;
				CLANG_WARN__DUPLICATE_METHOD_MATCH = YES;
				CODE_SIGN_IDENTITY = "-";
				COPY_PHASE_STRIP = NO;
				DEBUG_INFORMATION_FORMAT = "dwarf-with-dsym";
				ENABLE_NS_ASSERTIONS = NO;
				ENABLE_STRICT_OBJC_MSGSEND = YES;
				GCC_C_LANGUAGE_STANDARD = gnu99;
				GCC_NO_COMMON_BLOCKS = YES;
				GCC_WARN_64_TO_32_BIT_CONVERSION = YES;
				GCC_WARN_ABOUT_RETURN_TYPE = YES_ERROR;
				GCC_WARN_UNDECLARED_SELECTOR = YES;
				GCC_WARN_UNINITIALIZED_AUTOS = YES_AGGRESSIVE;
				GCC_WARN_UNUSED_FUNCTION = YES;
				GCC_WARN_UNUSED_VARIABLE = YES;
				MACOSX_DEPLOYMENT_TARGET = 10.11;
				MTL_ENABLE_DEBUG_INFO = NO;
				SDKROOT = macosx;
				SWIFT_INCLUDE_PATHS = "$(SOURCE_ROOT)/Libs";
			};
			name = Release;
		};
		2250E8A51C17E0DB006FA174 /* Debug */ = {
			isa = XCBuildConfiguration;
			buildSettings = {
				LIBRARY_SEARCH_PATHS = (
					"$(inherited)",
					"$(PROJECT_DIR)/Libs",
				);
				PRODUCT_NAME = "$(TARGET_NAME)";
			};
			name = Debug;
		};
		2250E8A61C17E0DB006FA174 /* Release */ = {
			isa = XCBuildConfiguration;
			buildSettings = {
				LIBRARY_SEARCH_PATHS = (
					"$(inherited)",
					"$(PROJECT_DIR)/Libs",
				);
				PRODUCT_NAME = "$(TARGET_NAME)";
			};
			name = Release;
		};
/* End XCBuildConfiguration section */

/* Begin XCConfigurationList section */
		2250E8981C17E0DB006FA174 /* Build configuration list for PBXProject "ScienceKit" */ = {
			isa = XCConfigurationList;
			buildConfigurations = (
				2250E8A21C17E0DB006FA174 /* Debug */,
				2250E8A31C17E0DB006FA174 /* Release */,
			);
			defaultConfigurationIsVisible = 0;
			defaultConfigurationName = Release;
		};
		2250E8A41C17E0DB006FA174 /* Build configuration list for PBXNativeTarget "ScienceKit" */ = {
			isa = XCConfigurationList;
			buildConfigurations = (
				2250E8A51C17E0DB006FA174 /* Debug */,
				2250E8A61C17E0DB006FA174 /* Release */,
			);
			defaultConfigurationIsVisible = 0;
			defaultConfigurationName = Release;
		};
/* End XCConfigurationList section */
	};
	rootObject = 2250E8951C17E0DB006FA174 /* Project object */;
}
